
Microsoft Visual Studio Solution File, Format Version 12.00
# Visual Studio Version 17
VisualStudioVersion = 17.10.34916.146
MinimumVisualStudioVersion = 10.0.40219.1
Project("{FAE04EC0-301F-11D3-BF4B-00C04F79EFBC}") = "Pharmacy", "Pharmacy\Pharmacy.csproj", "{33D24D36-037D-47DE-80FC-356D4CB19F5B}"
EndProject
Global
	GlobalSection(SolutionConfigurationPlatforms) = preSolution
		Debug|Any CPU = Debug|Any CPU
		Release|Any CPU = Release|Any CPU
	EndGlobalSection
	GlobalSection(ProjectConfigurationPlatforms) = postSolution
		{33D24D36-037D-47DE-80FC-356D4CB19F5B}.Debug|Any CPU.ActiveCfg = Debug|Any CPU
		{33D24D36-037D-47DE-80FC-356D4CB19F5B}.Debug|Any CPU.Build.0 = Debug|Any CPU
		{33D24D36-037D-47DE-80FC-356D4CB19F5B}.Release|Any CPU.ActiveCfg = Release|Any CPU
		{33D24D36-037D-47DE-80FC-356D4CB19F5B}.Release|Any CPU.Build.0 = Release|Any CPU
	EndGlobalSection
	GlobalSection(SolutionProperties) = preSolution
		HideSolutionNode = FALSE
	EndGlobalSection
	GlobalSection(ExtensibilityGlobals) = postSolution
		SolutionGuid = {536D7774-6972-40E8-A620-F179392F7337}
	EndGlobalSection
EndGlobal
